# This file was autogenerated by Stack.
# You should not edit this file by hand.
# For more information, please see the documentation at:
#   https://docs.haskellstack.org/en/stable/lock_files

packages:
- completed:
    hackage: hjsmin-0.2.0.1@sha256:89a0d348d8a578096dbfe3e4bda571d2b3b49b635d5d6bdf6aacfac7fc5ccf2e,1602
    pantry-tree:
      sha256: 073869c6ac861c1d8c9ef414e94f0d907719c99d71cc5c9c0b91772868f0e034
      size: 413
  original:
    hackage: hjsmin-0.2.0.1
- completed:
    hackage: language-javascript-0.6.0.4@sha256:a90570240ae6120924d52c1cddd0df6bd5bfb351f43ba0c9cc75c05db86fa3c3,3707
    pantry-tree:
      sha256: cd9004ee722febdb0af9aa21385c15ab09522b21915931783832b6dff39d6a2f
      size: 2198
  original:
    hackage: language-javascript-0.6.0.4
snapshots:
- completed:
    sha256: 9fa4bece7acfac1fc7930c5d6e24606004b09e80aa0e52e9f68b148201008db9
    size: 649606
    url: https://raw.githubusercontent.com/commercialhaskell/stackage-snapshots/master/lts/20/18.yaml
  original: lts-20.18
